dependencies:
- name: common
  repository: https://sun-asterisk-research.github.io/helm-charts
  version: 1.1.0
- name: prometheus
  repository: https://prometheus-community.github.io/helm-charts
  version: 15.16.1
- name: prometheus-blackbox-exporter
  repository: https://prometheus-community.github.io/helm-charts
  version: 7.1.2
- name: grafana
  repository: https://grafana.github.io/helm-charts
  version: 6.43.0
digest: sha256:e546f877791bf5584ab2ecfeb046ac913a331e85acd8482f7669ae40ad6143a7
generated: "2022-10-25T11:06:28.543151772+07:00"
