dependencies:
- name: common
  repository: oci://registry-1.docker.io/bitnamicharts
  version: 2.19.2
- name: minio
  repository: oci://registry-1.docker.io/bitnamicharts
  version: 14.4.1
- name: postgresql
  repository: oci://registry-1.docker.io/bitnamicharts
  version: 15.3.1
- name: redis
  repository: oci://registry-1.docker.io/bitnamicharts
  version: 19.3.1
- name: timescaledb-single
  repository: https://charts.timescale.com/
  version: 0.33.1
digest: sha256:bd170985de837a005277ab0f8ad7f25f997ddbb8f5386bed089bf800be4ebe7a
generated: "2024-05-14T13:12:55.068978043+07:00"
